// !$*UTF8*$!
{
	archiveVersion = 1;
	classes = {
	};
	objectVersion = 50;
	objects = {

/* Begin PBXBuildFile section */
		84339EA420D2F4D100B471C8 /* Tic-Tac-Toc.png in Resources */ = {isa = PBXBuildFile; fileRef = 84339EA320D2F4D000B471C8 /* Tic-Tac-Toc.png */; };
		84AE3B9720D2CA0400582C30 /* AppDelegate.swift in Sources */ = {isa = PBXBuildFile; fileRef = 84AE3B9620D2CA0400582C30 /* AppDelegate.swift */; };
		84AE3B9920D2CA0400582C30 /* ViewController.swift in Sources */ = {isa = PBXBuildFile; fileRef = 84AE3B9820D2CA0400582C30 /* ViewController.swift */; };
		84AE3B9C20D2CA0400582C30 /* Main.storyboard in Resources */ = {isa = PBXBuildFile; fileRef = 84AE3B9A20D2CA0400582C30 /* Main.storyboard */; };
		84AE3B9E20D2CA0600582C30 /* Assets.xcassets in Resources */ = {isa = PBXBuildFile; fileRef = 84AE3B9D20D2CA0600582C30 /* Assets.xcassets */; };
		84AE3BA120D2CA0600582C30 /* LaunchScreen.storyboard in Resources */ = {isa = PBXBuildFile; fileRef = 84AE3B9F20D2CA0600582C30 /* LaunchScreen.storyboard */; };
		84AE3BAC20D2CA0700582C30 /* TrisTests.swift in Sources */ = {isa = PBXBuildFile; fileRef = 84AE3BAB20D2CA0700582C30 /* TrisTests.swift */; };
		84AE3BB720D2CA0700582C30 /* TrisUITests.swift in Sources */ = {isa = PBXBuildFile; fileRef = 84AE3BB620D2CA0700582C30 /* TrisUITests.swift */; };
		84AE3BC720D2CAC900582C30 /* Piano.png in Resources */ = {isa = PBXBuildFile; fileRef = 84AE3BC420D2CAC800582C30 /* Piano.png */; };
		84AE3BC820D2CAC900582C30 /* Cerchio.png in Resources */ = {isa = PBXBuildFile; fileRef = 84AE3BC520D2CAC800582C30 /* Cerchio.png */; };
		84AE3BC920D2CAC900582C30 /* Croce.png in Resources */ = {isa = PBXBuildFile; fileRef = 84AE3BC620D2CAC900582C30 /* Croce.png */; };
/* End PBXBuildFile section */

/* Begin PBXContainerItemProxy section */
		84AE3BA820D2CA0700582C30 /* PBXContainerItemProxy */ = {
			isa = PBXContainerItemProxy;
			containerPortal = 84AE3B8B20D2CA0400582C30 /* Project object */;
			proxyType = 1;
			remoteGlobalIDString = 84AE3B9220D2CA0400582C30;
			remoteInfo = Tris;
		};
		84AE3BB320D2CA0700582C30 /* PBXContainerItemProxy */ = {
			isa = PBXContainerItemProxy;
			containerPortal = 84AE3B8B20D2CA0400582C30 /* Project object */;
			proxyType = 1;
			remoteGlobalIDString = 84AE3B9220D2CA0400582C30;
			remoteInfo = Tris;
		};
/* End PBXContainerItemProxy section */

/* Begin PBXFileReference section */
		84339EA320D2F4D000B471C8 /* Tic-Tac-Toc.png */ = {isa = PBXFileReference; lastKnownFileType = image.png; name = "Tic-Tac-Toc.png"; path = "../../Tic-Tac-Toc.png"; sourceTree = "<group>"; };
		84AE3B9320D2CA0400582C30 /* Tris.app */ = {isa = PBXFileReference; explicitFileType = wrapper.application; includeInIndex = 0; path = Tris.app; sourceTree = BUILT_PRODUCTS_DIR; };
		84AE3B9620D2CA0400582C30 /* AppDelegate.swift */ = {isa = PBXFileReference; lastKnownFileType = sourcecode.swift; path = AppDelegate.swift; sourceTree = "<group>"; };
		84AE3B9820D2CA0400582C30 /* ViewController.swift */ = {isa = PBXFileReference; lastKnownFileType = sourcecode.swift; path = ViewController.swift; sourceTree = "<group>"; };
		84AE3B9B20D2CA0400582C30 /* Base */ = {isa = PBXFileReference; lastKnownFileType = file.storyboard; name = Base; path = Base.lproj/Main.storyboard; sourceTree = "<group>"; };
		84AE3B9D20D2CA0600582C30 /* Assets.xcassets */ = {isa = PBXFileReference; lastKnownFileType = folder.assetcatalog; path = Assets.xcassets; sourceTree = "<group>"; };
		84AE3BA020D2CA0600582C30 /* Base */ = {isa = PBXFileReference; lastKnownFileType = file.storyboard; name = Base; path = Base.lproj/LaunchScreen.storyboard; sourceTree = "<group>"; };
		84AE3BA220D2CA0600582C30 /* Info.plist */ = {isa = PBXFileReference; lastKnownFileType = text.plist.xml; path = Info.plist; sourceTree = "<group>"; };
		84AE3BA720D2CA0700582C30 /* TrisTests.xctest */ = {isa = PBXFileReference; explicitFileType = wrapper.cfbundle; includeInIndex = 0; path = TrisTests.xctest; sourceTree = BUILT_PRODUCTS_DIR; };
		84AE3BAB20D2CA0700582C30 /* TrisTests.swift */ = {isa = PBXFileReference; lastKnownFileType = sourcecode.swift; path = TrisTests.swift; sourceTree = "<group>"; };
		84AE3BAD20D2CA0700582C30 /* Info.plist */ = {isa = PBXFileReference; lastKnownFileType = text.plist.xml; path = Info.plist; sourceTree = "<group>"; };
		84AE3BB220D2CA0700582C30 /* TrisUITests.xctest */ = {isa = PBXFileReference; explicitFileType = wrapper.cfbundle; includeInIndex = 0; path = TrisUITests.xctest; sourceTree = BUILT_PRODUCTS_DIR; };
		84AE3BB620D2CA0700582C30 /* TrisUITests.swift */ = {isa = PBXFileReference; lastKnownFileType = sourcecode.swift; path = TrisUITests.swift; sourceTree = "<group>"; };
		84AE3BB820D2CA0700582C30 /* Info.plist */ = {isa = PBXFileReference; lastKnownFileType = text.plist.xml; path = Info.plist; sourceTree = "<group>"; };
		84AE3BC420D2CAC800582C30 /* Piano.png */ = {isa = PBXFileReference; lastKnownFileType = image.png; name = Piano.png; path = ../../Piano.png; sourceTree = "<group>"; };
		84AE3BC520D2CAC800582C30 /* Cerchio.png */ = {isa = PBXFileReference; lastKnownFileType = image.png; name = Cerchio.png; path = ../../Cerchio.png; sourceTree = "<group>"; };
		84AE3BC620D2CAC900582C30 /* Croce.png */ = {isa = PBXFileReference; lastKnownFileType = image.png; name = Croce.png; path = ../../Croce.png; sourceTree = "<group>"; };
/* End PBXFileReference section */

/* Begin PBXFrameworksBuildPhase section */
		84AE3B9020D2CA0400582C30 /* Frameworks */ = {
			isa = PBXFrameworksBuildPhase;
			buildActionMask = 2147483647;
			files = (
			);
			runOnlyForDeploymentPostprocessing = 0;
		};
		84AE3BA420D2CA0700582C30 /* Frameworks */ = {
			isa = PBXFrameworksBuildPhase;
			buildActionMask = 2147483647;
			files = (
			);
			runOnlyForDeploymentPostprocessing = 0;
		};
		84AE3BAF20D2CA0700582C30 /* Frameworks */ = {
			isa = PBXFrameworksBuildPhase;
			buildActionMask = 2147483647;
			files = (
			);
			runOnlyForDeploymentPostprocessing = 0;
		};
/* End PBXFrameworksBuildPhase section */

/* Begin PBXGroup section */
		84AE3B8A20D2CA0400582C30 = {
			isa = PBXGroup;
			children = (
				84AE3B9520D2CA0400582C30 /* Tris */,
				84AE3BAA20D2CA0700582C30 /* TrisTests */,
				84AE3BB520D2CA0700582C30 /* TrisUITests */,
				84AE3B9420D2CA0400582C30 /* Products */,
			);
			sourceTree = "<group>";
		};
		84AE3B9420D2CA0400582C30 /* Products */ = {
			isa = PBXGroup;
			children = (
				84AE3B9320D2CA0400582C30 /* Tris.app */,
				84AE3BA720D2CA0700582C30 /* TrisTests.xctest */,
				84AE3BB220D2CA0700582C30 /* TrisUITests.xctest */,
			);
			name = Products;
			sourceTree = "<group>";
		};
		84AE3B9520D2CA0400582C30 /* Tris */ = {
			isa = PBXGroup;
			children = (
				84AE3B9620D2CA0400582C30 /* AppDelegate.swift */,
				84AE3B9820D2CA0400582C30 /* ViewController.swift */,
				84AE3B9A20D2CA0400582C30 /* Main.storyboard */,
				84AE3BC520D2CAC800582C30 /* Cerchio.png */,
				84AE3BC620D2CAC900582C30 /* Croce.png */,
				84AE3BC420D2CAC800582C30 /* Piano.png */,
				84339EA320D2F4D000B471C8 /* Tic-Tac-Toc.png */,
				84AE3B9D20D2CA0600582C30 /* Assets.xcassets */,
				84AE3B9F20D2CA0600582C30 /* LaunchScreen.storyboard */,
				84AE3BA220D2CA0600582C30 /* Info.plist */,
			);
			path = Tris;
			sourceTree = "<group>";
		};
		84AE3BAA20D2CA0700582C30 /* TrisTests */ = {
			isa = PBXGroup;
			children = (
				84AE3BAB20D2CA0700582C30 /* TrisTests.swift */,
				84AE3BAD20D2CA0700582C30 /* Info.plist */,
			);
			path = TrisTests;
			sourceTree = "<group>";
		};
		84AE3BB520D2CA0700582C30 /* TrisUITests */ = {
			isa = PBXGroup;
			children = (
				84AE3BB620D2CA0700582C30 /* TrisUITests.swift */,
				84AE3BB820D2CA0700582C30 /* Info.plist */,
			);
			path = TrisUITests;
			sourceTree = "<group>";
		};
/* End PBXGroup section */

/* Begin PBXNativeTarget section */
		84AE3B9220D2CA0400582C30 /* Tris */ = {
			isa = PBXNativeTarget;
			buildConfigurationList = 84AE3BBB20D2CA0700582C30 /* Build configuration list for PBXNativeTarget "Tris" */;
			buildPhases = (
				84AE3B8F20D2CA0400582C30 /* Sources */,
				84AE3B9020D2CA0400582C30 /* Frameworks */,
				84AE3B9120D2CA0400582C30 /* Resources */,
			);
			buildRules = (
			);
			dependencies = (
			);
			name = Tris;
			productName = Tris;
			productReference = 84AE3B9320D2CA0400582C30 /* Tris.app */;
			productType = "com.apple.product-type.application";
		};
		84AE3BA620D2CA0700582C30 /* TrisTests */ = {
			isa = PBXNativeTarget;
			buildConfigurationList = 84AE3BBE20D2CA0700582C30 /* Build configuration list for PBXNativeTarget "TrisTests" */;
			buildPhases = (
				84AE3BA320D2CA0700582C30 /* Sources */,
				84AE3BA420D2CA0700582C30 /* Frameworks */,
				84AE3BA520D2CA0700582C30 /* Resources */,
			);
			buildRules = (
			);
			dependencies = (
				84AE3BA920D2CA0700582C30 /* PBXTargetDependency */,
			);
			name = TrisTests;
			productName = TrisTests;
			productReference = 84AE3BA720D2CA0700582C30 /* TrisTests.xctest */;
			productType = "com.apple.product-type.bundle.unit-test";
		};
		84AE3BB120D2CA0700582C30 /* TrisUITests */ = {
			isa = PBXNativeTarget;
			buildConfigurationList = 84AE3BC120D2CA0700582C30 /* Build configuration list for PBXNativeTarget "TrisUITests" */;
			buildPhases = (
				84AE3BAE20D2CA0700582C30 /* Sources */,
				84AE3BAF20D2CA0700582C30 /* Frameworks */,
				84AE3BB020D2CA0700582C30 /* Resources */,
			);
			buildRules = (
			);
			dependencies = (
				84AE3BB420D2CA0700582C30 /* PBXTargetDependency */,
			);
			name = TrisUITests;
			productName = TrisUITests;
			productReference = 84AE3BB220D2CA0700582C30 /* TrisUITests.xctest */;
			productType = "com.apple.product-type.bundle.ui-testing";
		};
/* End PBXNativeTarget section */

/* Begin PBXProject section */
		84AE3B8B20D2CA0400582C30 /* Project object */ = {
			isa = PBXProject;
			attributes = {
				LastSwiftUpdateCheck = 0940;
				LastUpgradeCheck = 0940;
				ORGANIZATIONNAME = "Matteo Tancredi";
				TargetAttributes = {
					84AE3B9220D2CA0400582C30 = {
						CreatedOnToolsVersion = 9.4;
					};
					84AE3BA620D2CA0700582C30 = {
						CreatedOnToolsVersion = 9.4;
						TestTargetID = 84AE3B9220D2CA0400582C30;
					};
					84AE3BB120D2CA0700582C30 = {
						CreatedOnToolsVersion = 9.4;
						TestTargetID = 84AE3B9220D2CA0400582C30;
					};
				};
			};
			buildConfigurationList = 84AE3B8E20D2CA0400582C30 /* Build configuration list for PBXProject "Tris" */;
			compatibilityVersion = "Xcode 9.3";
			developmentRegion = en;
			hasScannedForEncodings = 0;
			knownRegions = (
				en,
				Base,
			);
			mainGroup = 84AE3B8A20D2CA0400582C30;
			productRefGroup = 84AE3B9420D2CA0400582C30 /* Products */;
			projectDirPath = "";
			projectRoot = "";
			targets = (
				84AE3B9220D2CA0400582C30 /* Tris */,
				84AE3BA620D2CA0700582C30 /* TrisTests */,
				84AE3BB120D2CA0700582C30 /* TrisUITests */,
			);
		};
/* End PBXProject section */

/* Begin PBXResourcesBuildPhase section */
		84AE3B9120D2CA0400582C30 /* Resources */ = {
			isa = PBXResourcesBuildPhase;
			buildActionMask = 2147483647;
			files = (
				84AE3BA120D2CA0600582C30 /* LaunchScreen.storyboard in Resources */,
				84AE3B9E20D2CA0600582C30 /* Assets.xcassets in Resources */,
				84AE3BC820D2CAC900582C30 /* Cerchio.png in Resources */,
				84339EA420D2F4D100B471C8 /* Tic-Tac-Toc.png in Resources */,
				84AE3B9C20D2CA0400582C30 /* Main.storyboard in Resources */,
				84AE3BC920D2CAC900582C30 /* Croce.png in Resources */,
				84AE3BC720D2CAC900582C30 /* Piano.png in Resources */,
			);
			runOnlyForDeploymentPostprocessing = 0;
		};
		84AE3BA520D2CA0700582C30 /* Resources */ = {
			isa = PBXResourcesBuildPhase;
			buildActionMask = 2147483647;
			files = (
			);
			runOnlyForDeploymentPostprocessing = 0;
		};
		84AE3BB020D2CA0700582C30 /* Resources */ = {
			isa = PBXResourcesBuildPhase;
			buildActionMask = 2147483647;
			files = (
			);
			runOnlyForDeploymentPostprocessing = 0;
		};
/* End PBXResourcesBuildPhase section */

/* Begin PBXSourcesBuildPhase section */
		84AE3B8F20D2CA0400582C30 /* Sources */ = {
			isa = PBXSourcesBuildPhase;
			buildActionMask = 2147483647;
			files = (
				84AE3B9920D2CA0400582C30 /* ViewController.swift in Sources */,
				84AE3B9720D2CA0400582C30 /* AppDelegate.swift in Sources */,
			);
			runOnlyForDeploymentPostprocessing = 0;
		};
		84AE3BA320D2CA0700582C30 /* Sources */ = {
			isa = PBXSourcesBuildPhase;
			buildActionMask = 2147483647;
			files = (
				84AE3BAC20D2CA0700582C30 /* TrisTests.swift in Sources */,
			);
			runOnlyForDeploymentPostprocessing = 0;
		};
		84AE3BAE20D2CA0700582C30 /* Sources */ = {
			isa = PBXSourcesBuildPhase;
			buildActionMask = 2147483647;
			files = (
				84AE3BB720D2CA0700582C30 /* TrisUITests.swift in Sources */,
			);
			runOnlyForDeploymentPostprocessing = 0;
		};
/* End PBXSourcesBuildPhase section */

/* Begin PBXTargetDependency section */
		84AE3BA920D2CA0700582C30 /* PBXTargetDependency */ = {
			isa = PBXTargetDependency;
			target = 84AE3B9220D2CA0400582C30 /* Tris */;
			targetProxy = 84AE3BA820D2CA0700582C30 /* PBXContainerItemProxy */;
		};
		84AE3BB420D2CA0700582C30 /* PBXTargetDependency */ = {
			isa = PBXTargetDependency;
			target = 84AE3B9220D2CA0400582C30 /* Tris */;
			targetProxy = 84AE3BB320D2CA0700582C30 /* PBXContainerItemProxy */;
		};
/* End PBXTargetDependency section */

/* Begin PBXVariantGroup section */
		84AE3B9A20D2CA0400582C30 /* Main.storyboard */ = {
			isa = PBXVariantGroup;
			children = (
				84AE3B9B20D2CA0400582C30 /* Base */,
			);
			name = Main.storyboard;
			sourceTree = "<group>";
		};
		84AE3B9F20D2CA0600582C30 /* LaunchScreen.storyboard */ = {
			isa = PBXVariantGroup;
			children = (
				84AE3BA020D2CA0600582C30 /* Base */,
			);
			name = LaunchScreen.storyboard;
			sourceTree = "<group>";
		};
/* End PBXVariantGroup section */

/* Begin XCBuildConfiguration section */
		84AE3BB920D2CA0700582C30 /* Debug */ = {
			isa = XCBuildConfiguration;
			buildSettings = {
				ALWAYS_SEARCH_USER_PATHS = NO;
				CLANG_ANALYZER_NONNULL = YES;
				CLANG_ANALYZER_NUMBER_OBJECT_CONVERSION = YES_AGGRESSIVE;
				CLANG_CXX_LANGUAGE_STANDARD = "gnu++14";
				CLANG_CXX_LIBRARY = "libc++";
				CLANG_ENABLE_MODULES = YES;
				CLANG_ENABLE_OBJC_ARC = YES;
				CLANG_ENABLE_OBJC_WEAK = YES;
				CLANG_WARN_BLOCK_CAPTURE_AUTORELEASING = YES;
				CLANG_WARN_BOOL_CONVERSION = YES;
				CLANG_WARN_COMMA = YES;
				CLANG_WARN_CONSTANT_CONVERSION = YES;
				CLANG_WARN_DEPRECATED_OBJC_IMPLEMENTATIONS = YES;
				CLANG_WARN_DIRECT_OBJC_ISA_USAGE = YES_ERROR;
				CLANG_WARN_DOCUMENTATION_COMMENTS = YES;
				CLANG_WARN_EMPTY_BODY = YES;
				CLANG_WARN_ENUM_CONVERSION = YES;
				CLANG_WARN_INFINITE_RECURSION = YES;
				CLANG_WARN_INT_CONVERSION = YES;
				CLANG_WARN_NON_LITERAL_NULL_CONVERSION = YES;
				CLANG_WARN_OBJC_IMPLICIT_RETAIN_SELF = YES;
				CLANG_WARN_OBJC_LITERAL_CONVERSION = YES;
				CLANG_WARN_OBJC_ROOT_CLASS = YES_ERROR;
				CLANG_WARN_RANGE_LOOP_ANALYSIS = YES;
				CLANG_WARN_STRICT_PROTOTYPES = YES;
				CLANG_WARN_SUSPICIOUS_MOVE = YES;
				CLANG_WARN_UNGUARDED_AVAILABILITY = YES_AGGRESSIVE;
				CLANG_WARN_UNREACHABLE_CODE = YES;
				CLANG_WARN__DUPLICATE_METHOD_MATCH = YES;
				CODE_SIGN_IDENTITY = "iPhone Developer";
				COPY_PHASE_STRIP = NO;
				DEBUG_INFORMATION_FORMAT = dwarf;
				ENABLE_STRICT_OBJC_MSGSEND = YES;
				ENABLE_TESTABILITY = YES;
				GCC_C_LANGUAGE_STANDARD = gnu11;
				GCC_DYNAMIC_NO_PIC = NO;
				GCC_NO_COMMON_BLOCKS = YES;
				GCC_OPTIMIZATION_LEVEL = 0;
				GCC_PREPROCESSOR_DEFINITIONS = (
					"DEBUG=1",
					"$(inherited)",
				);
				GCC_WARN_64_TO_32_BIT_CONVERSION = YES;
				GCC_WARN_ABOUT_RETURN_TYPE = YES_ERROR;
				GCC_WARN_UNDECLARED_SELECTOR = YES;
				GCC_WARN_UNINITIALIZED_AUTOS = YES_AGGRESSIVE;
				GCC_WARN_UNUSED_FUNCTION = YES;
				GCC_WARN_UNUSED_VARIABLE = YES;
				IPHONEOS_DEPLOYMENT_TARGET = 11.4;
				MTL_ENABLE_DEBUG_INFO = YES;
				ONLY_ACTIVE_ARCH = YES;
				SDKROOT = iphoneos;
				SWIFT_ACTIVE_COMPILATION_CONDITIONS = DEBUG;
				SWIFT_OPTIMIZATION_LEVEL = "-Onone";
			};
			name = Debug;
		};
		84AE3BBA20D2CA0700582C30 /* Release */ = {
			isa = XCBuildConfiguration;
			buildSettings = {
				ALWAYS_SEARCH_USER_PATHS = NO;
				CLANG_ANALYZER_NONNULL = YES;
				CLANG_ANALYZER_NUMBER_OBJECT_CONVERSION = YES_AGGRESSIVE;
				CLANG_CXX_LANGUAGE_STANDARD = "gnu++14";
				CLANG_CXX_LIBRARY = "libc++";
				CLANG_ENABLE_MODULES = YES;
				CLANG_ENABLE_OBJC_ARC = YES;
				CLANG_ENABLE_OBJC_WEAK = YES;
				CLANG_WARN_BLOCK_CAPTURE_AUTORELEASING = YES;
				CLANG_WARN_BOOL_CONVERSION = YES;
				CLANG_WARN_COMMA = YES;
				CLANG_WARN_CONSTANT_CONVERSION = YES;
				CLANG_WARN_DEPRECATED_OBJC_IMPLEMENTATIONS = YES;
				CLANG_WARN_DIRECT_OBJC_ISA_USAGE = YES_ERROR;
				CLANG_WARN_DOCUMENTATION_COMMENTS = YES;
				CLANG_WARN_EMPTY_BODY = YES;
				CLANG_WARN_ENUM_CONVERSION = YES;
				CLANG_WARN_INFINITE_RECURSION = YES;
				CLANG_WARN_INT_CONVERSION = YES;
				CLANG_WARN_NON_LITERAL_NULL_CONVERSION = YES;
				CLANG_WARN_OBJC_IMPLICIT_RETAIN_SELF = YES;
				CLANG_WARN_OBJC_LITERAL_CONVERSION = YES;
				CLANG_WARN_OBJC_ROOT_CLASS = YES_ERROR;
				CLANG_WARN_RANGE_LOOP_ANALYSIS = YES;
				CLANG_WARN_STRICT_PROTOTYPES = YES;
				CLANG_WARN_SUSPICIOUS_MOVE = YES;
				CLANG_WARN_UNGUARDED_AVAILABILITY = YES_AGGRESSIVE;
				CLANG_WARN_UNREACHABLE_CODE = YES;
				CLANG_WARN__DUPLICATE_METHOD_MATCH = YES;
				CODE_SIGN_IDENTITY = "iPhone Developer";
				COPY_PHASE_STRIP = NO;
				DEBUG_INFORMATION_FORMAT = "dwarf-with-dsym";
				ENABLE_NS_ASSERTIONS = NO;
				ENABLE_STRICT_OBJC_MSGSEND = YES;
				GCC_C_LANGUAGE_STANDARD = gnu11;
				GCC_NO_COMMON_BLOCKS = YES;
				GCC_WARN_64_TO_32_BIT_CONVERSION = YES;
				GCC_WARN_ABOUT_RETURN_TYPE = YES_ERROR;
				GCC_WARN_UNDECLARED_SELECTOR = YES;
				GCC_WARN_UNINITIALIZED_AUTOS = YES_AGGRESSIVE;
				GCC_WARN_UNUSED_FUNCTION = YES;
				GCC_WARN_UNUSED_VARIABLE = YES;
				IPHONEOS_DEPLOYMENT_TARGET = 11.4;
				MTL_ENABLE_DEBUG_INFO = NO;
				SDKROOT = iphoneos;
				SWIFT_COMPILATION_MODE = wholemodule;
				SWIFT_OPTIMIZATION_LEVEL = "-O";
				VALIDATE_PRODUCT = YES;
			};
			name = Release;
		};
		84AE3BBC20D2CA0700582C30 /* Debug */ = {
			isa = XCBuildConfiguration;
			buildSettings = {
				ASSETCATALOG_COMPILER_APPICON_NAME = AppIcon;
				CODE_SIGN_STYLE = Automatic;
				INFOPLIST_FILE = Tris/Info.plist;
				LD_RUNPATH_SEARCH_PATHS = (
					"$(inherited)",
					"@executable_path/Frameworks",
				);
				PRODUCT_BUNDLE_IDENTIFIER = Tancredi.Tris;
				PRODUCT_NAME = "$(TARGET_NAME)";
				SWIFT_VERSION = 4.0;
				TARGETED_DEVICE_FAMILY = "1,2";
			};
			name = Debug;
		};
		84AE3BBD20D2CA0700582C30 /* Release */ = {
			isa = XCBuildConfiguration;
			buildSettings = {
				ASSETCATALOG_COMPILER_APPICON_NAME = AppIcon;
				CODE_SIGN_STYLE = Automatic;
				INFOPLIST_FILE = Tris/Info.plist;
				LD_RUNPATH_SEARCH_PATHS = (
					"$(inherited)",
					"@executable_path/Frameworks",
				);
				PRODUCT_BUNDLE_IDENTIFIER = Tancredi.Tris;
				PRODUCT_NAME = "$(TARGET_NAME)";
				SWIFT_VERSION = 4.0;
				TARGETED_DEVICE_FAMILY = "1,2";
			};
			name = Release;
		};
		84AE3BBF20D2CA0700582C30 /* Debug */ = {
			isa = XCBuildConfiguration;
			buildSettings = {
				ALWAYS_EMBED_SWIFT_STANDARD_LIBRARIES = YES;
				BUNDLE_LOADER = "$(TEST_HOST)";
				CODE_SIGN_STYLE = Automatic;
				INFOPLIST_FILE = TrisTests/Info.plist;
				LD_RUNPATH_SEARCH_PATHS = (
					"$(inherited)",
					"@executable_path/Frameworks",
					"@loader_path/Frameworks",
				);
				PRODUCT_BUNDLE_IDENTIFIER = Tancredi.TrisTests;
				PRODUCT_NAME = "$(TARGET_NAME)";
				SWIFT_VERSION = 4.0;
				TARGETED_DEVICE_FAMILY = "1,2";
				TEST_HOST = "$(BUILT_PRODUCTS_DIR)/Tris.app/Tris";
			};
			name = Debug;
		};
		84AE3BC020D2CA0700582C30 /* Release */ = {
			isa = XCBuildConfiguration;
			buildSettings = {
				ALWAYS_EMBED_SWIFT_STANDARD_LIBRARIES = YES;
				BUNDLE_LOADER = "$(TEST_HOST)";
				CODE_SIGN_STYLE = Automatic;
				INFOPLIST_FILE = TrisTests/Info.plist;
				LD_RUNPATH_SEARCH_PATHS = (
					"$(inherited)",
					"@executable_path/Frameworks",
					"@loader_path/Frameworks",
				);
				PRODUCT_BUNDLE_IDENTIFIER = Tancredi.TrisTests;
				PRODUCT_NAME = "$(TARGET_NAME)";
				SWIFT_VERSION = 4.0;
				TARGETED_DEVICE_FAMILY = "1,2";
				TEST_HOST = "$(BUILT_PRODUCTS_DIR)/Tris.app/Tris";
			};
			name = Release;
		};
		84AE3BC220D2CA0700582C30 /* Debug */ = {
			isa = XCBuildConfiguration;
			buildSettings = {
				ALWAYS_EMBED_SWIFT_STANDARD_LIBRARIES = YES;
				CODE_SIGN_STYLE = Automatic;
				INFOPLIST_FILE = TrisUITests/Info.plist;
				LD_RUNPATH_SEARCH_PATHS = (
					"$(inherited)",
					"@executable_path/Frameworks",
					"@loader_path/Frameworks",
				);
				PRODUCT_BUNDLE_IDENTIFIER = Tancredi.TrisUITests;
				PRODUCT_NAME = "$(TARGET_NAME)";
				SWIFT_VERSION = 4.0;
				TARGETED_DEVICE_FAMILY = "1,2";
				TEST_TARGET_NAME = Tris;
			};
			name = Debug;
		};
		84AE3BC320D2CA0700582C30 /* Release */ = {
			isa = XCBuildConfiguration;
			buildSettings = {
				ALWAYS_EMBED_SWIFT_STANDARD_LIBRARIES = YES;
				CODE_SIGN_STYLE = Automatic;
				INFOPLIST_FILE = TrisUITests/Info.plist;
				LD_RUNPATH_SEARCH_PATHS = (
					"$(inherited)",
					"@executable_path/Frameworks",
					"@loader_path/Frameworks",
				);
				PRODUCT_BUNDLE_IDENTIFIER = Tancredi.TrisUITests;
				PRODUCT_NAME = "$(TARGET_NAME)";
				SWIFT_VERSION = 4.0;
				TARGETED_DEVICE_FAMILY = "1,2";
				TEST_TARGET_NAME = Tris;
			};
			name = Release;
		};
/* End XCBuildConfiguration section */

/* Begin XCConfigurationList section */
		84AE3B8E20D2CA0400582C30 /* Build configuration list for PBXProject "Tris" */ = {
			isa = XCConfigurationList;
			buildConfigurations = (
				84AE3BB920D2CA0700582C30 /* Debug */,
				84AE3BBA20D2CA0700582C30 /* Release */,
			);
			defaultConfigurationIsVisible = 0;
			defaultConfigurationName = Release;
		};
		84AE3BBB20D2CA0700582C30 /* Build configuration list for PBXNativeTarget "Tris" */ = {
			isa = XCConfigurationList;
			buildConfigurations = (
				84AE3BBC20D2CA0700582C30 /* Debug */,
				84AE3BBD20D2CA0700582C30 /* Release */,
			);
			defaultConfigurationIsVisible = 0;
			defaultConfigurationName = Release;
		};
		84AE3BBE20D2CA0700582C30 /* Build configuration list for PBXNativeTarget "TrisTests" */ = {
			isa = XCConfigurationList;
			buildConfigurations = (
				84AE3BBF20D2CA0700582C30 /* Debug */,
				84AE3BC020D2CA0700582C30 /* Release */,
			);
			defaultConfigurationIsVisible = 0;
			defaultConfigurationName = Release;
		};
		84AE3BC120D2CA0700582C30 /* Build configuration list for PBXNativeTarget "TrisUITests" */ = {
			isa = XCConfigurationList;
			buildConfigurations = (
				84AE3BC220D2CA0700582C30 /* Debug */,
				84AE3BC320D2CA0700582C30 /* Release */,
			);
			defaultConfigurationIsVisible = 0;
			defaultConfigurationName = Release;
		};
/* End XCConfigurationList section */
	};
	rootObject = 84AE3B8B20D2CA0400582C30 /* Project object */;
}
